
Microsoft Visual Studio Solution File, Format Version 12.00
# Visual Studio Version 16
VisualStudioVersion = 16.0.32106.194
MinimumVisualStudioVersion = 10.0.40219.1
Project("{9A19103F-16F7-4668-BE54-9A1E7A4F7556}") = "Mission3", "mission3\Mission3.csproj", "{CD78A278-4376-4D23-BAF5-C962E4C19AB3}"
EndProject
Global
	GlobalSection(SolutionConfigurationPlatforms) = preSolution
		Debug|Any CPU = Debug|Any CPU
		Release|Any CPU = Release|Any CPU
	EndGlobalSection
	GlobalSection(ProjectConfigurationPlatforms) = postSolution
		{CD78A278-4376-4D23-BAF5-C962E4C19AB3}.Debug|Any CPU.ActiveCfg = Debug|Any CPU
		{CD78A278-4376-4D23-BAF5-C962E4C19AB3}.Debug|Any CPU.Build.0 = Debug|Any CPU
		{CD78A278-4376-4D23-BAF5-C962E4C19AB3}.Release|Any CPU.ActiveCfg = Release|Any CPU
		{CD78A278-4376-4D23-BAF5-C962E4C19AB3}.Release|Any CPU.Build.0 = Release|Any CPU
	EndGlobalSection
	GlobalSection(SolutionProperties) = preSolution
		HideSolutionNode = FALSE
	EndGlobalSection
	GlobalSection(ExtensibilityGlobals) = postSolution
		SolutionGuid = {1C1E6C5A-639A-43BD-B284-1713B3370394}
	EndGlobalSection
EndGlobal
